
Microsoft Visual Studio Solution File, Format Version 12.00
# Visual Studio Version 16
VisualStudioVersion = 16.0.31729.503
MinimumVisualStudioVersion = 10.0.40219.1
Project("{FAE04EC0-301F-11D3-BF4B-00C04F79EFBC}") = "Yard Greening", "Yard Greening\Yard Greening.csproj", "{E6D78FA8-3A59-4B26-A549-A4C10B06579B}"
EndProject
Global
	GlobalSection(SolutionConfigurationPlatforms) = preSolution
		Debug|Any CPU = Debug|Any CPU
		Release|Any CPU = Release|Any CPU
	EndGlobalSection
	GlobalSection(ProjectConfigurationPlatforms) = postSolution
		{E6D78FA8-3A59-4B26-A549-A4C10B06579B}.Debug|Any CPU.ActiveCfg = Debug|Any CPU
		{E6D78FA8-3A59-4B26-A549-A4C10B06579B}.Debug|Any CPU.Build.0 = Debug|Any CPU
		{E6D78FA8-3A59-4B26-A549-A4C10B06579B}.Release|Any CPU.ActiveCfg = Release|Any CPU
		{E6D78FA8-3A59-4B26-A549-A4C10B06579B}.Release|Any CPU.Build.0 = Release|Any CPU
	EndGlobalSection
	GlobalSection(SolutionProperties) = preSolution
		HideSolutionNode = FALSE
	EndGlobalSection
	GlobalSection(ExtensibilityGlobals) = postSolution
		SolutionGuid = {6BFAEB16-5911-4B7D-9E6C-379209B4555E}
	EndGlobalSection
EndGlobal
