
Microsoft Visual Studio Solution File, Format Version 12.00
# Visual Studio Version 16
VisualStudioVersion = 16.0.31729.503
MinimumVisualStudioVersion = 10.0.40219.1
Project("{FAE04EC0-301F-11D3-BF4B-00C04F79EFBC}") = "Fishingboat", "Fishingboat\Fishingboat.csproj", "{479F94A9-EFE7-4BF0-A50C-44DD6AF71993}"
EndProject
Global
	GlobalSection(SolutionConfigurationPlatforms) = preSolution
		Debug|Any CPU = Debug|Any CPU
		Release|Any CPU = Release|Any CPU
	EndGlobalSection
	GlobalSection(ProjectConfigurationPlatforms) = postSolution
		{479F94A9-EFE7-4BF0-A50C-44DD6AF71993}.Debug|Any CPU.ActiveCfg = Debug|Any CPU
		{479F94A9-EFE7-4BF0-A50C-44DD6AF71993}.Debug|Any CPU.Build.0 = Debug|Any CPU
		{479F94A9-EFE7-4BF0-A50C-44DD6AF71993}.Release|Any CPU.ActiveCfg = Release|Any CPU
		{479F94A9-EFE7-4BF0-A50C-44DD6AF71993}.Release|Any CPU.Build.0 = Release|Any CPU
	EndGlobalSection
	GlobalSection(SolutionProperties) = preSolution
		HideSolutionNode = FALSE
	EndGlobalSection
	GlobalSection(ExtensibilityGlobals) = postSolution
		SolutionGuid = {F985F74C-795F-4CB0-B4B4-9333FE405322}
	EndGlobalSection
EndGlobal
