
Microsoft Visual Studio Solution File, Format Version 12.00
# Visual Studio Version 16
VisualStudioVersion = 16.0.31729.503
MinimumVisualStudioVersion = 10.0.40219.1
Project("{FAE04EC0-301F-11D3-BF4B-00C04F79EFBC}") = "Equal Sums Even Odd Position", "Equal Sums Even Odd Position\Equal Sums Even Odd Position.csproj", "{539E0661-57B9-4319-9E60-344D8B72ED9C}"
EndProject
Global
	GlobalSection(SolutionConfigurationPlatforms) = preSolution
		Debug|Any CPU = Debug|Any CPU
		Release|Any CPU = Release|Any CPU
	EndGlobalSection
	GlobalSection(ProjectConfigurationPlatforms) = postSolution
		{539E0661-57B9-4319-9E60-344D8B72ED9C}.Debug|Any CPU.ActiveCfg = Debug|Any CPU
		{539E0661-57B9-4319-9E60-344D8B72ED9C}.Debug|Any CPU.Build.0 = Debug|Any CPU
		{539E0661-57B9-4319-9E60-344D8B72ED9C}.Release|Any CPU.ActiveCfg = Release|Any CPU
		{539E0661-57B9-4319-9E60-344D8B72ED9C}.Release|Any CPU.Build.0 = Release|Any CPU
	EndGlobalSection
	GlobalSection(SolutionProperties) = preSolution
		HideSolutionNode = FALSE
	EndGlobalSection
	GlobalSection(ExtensibilityGlobals) = postSolution
		SolutionGuid = {E46071E6-D7E0-4F27-A547-3AC910D2CF04}
	EndGlobalSection
EndGlobal
