
Microsoft Visual Studio Solution File, Format Version 12.00
# Visual Studio Version 16
VisualStudioVersion = 16.0.31729.503
MinimumVisualStudioVersion = 10.0.40219.1
Project("{FAE04EC0-301F-11D3-BF4B-00C04F79EFBC}") = "Special Numbers", "Special Numbers\Special Numbers.csproj", "{5B11A9BF-58E3-4C7B-B25B-EA36101037DF}"
EndProject
Global
	GlobalSection(SolutionConfigurationPlatforms) = preSolution
		Debug|Any CPU = Debug|Any CPU
		Release|Any CPU = Release|Any CPU
	EndGlobalSection
	GlobalSection(ProjectConfigurationPlatforms) = postSolution
		{5B11A9BF-58E3-4C7B-B25B-EA36101037DF}.Debug|Any CPU.ActiveCfg = Debug|Any CPU
		{5B11A9BF-58E3-4C7B-B25B-EA36101037DF}.Debug|Any CPU.Build.0 = Debug|Any CPU
		{5B11A9BF-58E3-4C7B-B25B-EA36101037DF}.Release|Any CPU.ActiveCfg = Release|Any CPU
		{5B11A9BF-58E3-4C7B-B25B-EA36101037DF}.Release|Any CPU.Build.0 = Release|Any CPU
	EndGlobalSection
	GlobalSection(SolutionProperties) = preSolution
		HideSolutionNode = FALSE
	EndGlobalSection
	GlobalSection(ExtensibilityGlobals) = postSolution
		SolutionGuid = {1BACB6B2-D6AF-414C-9E22-A3F5D20AB1D8}
	EndGlobalSection
EndGlobal
