
Microsoft Visual Studio Solution File, Format Version 12.00
# Visual Studio Version 16
VisualStudioVersion = 16.0.31729.503
MinimumVisualStudioVersion = 10.0.40219.1
Project("{FAE04EC0-301F-11D3-BF4B-00C04F79EFBC}") = "Numbers 1N with Step 3", "Numbers 1N with Step 3\Numbers 1N with Step 3.csproj", "{37DB0B51-DED5-4C62-8500-EEF4E42A3FF3}"
EndProject
Global
	GlobalSection(SolutionConfigurationPlatforms) = preSolution
		Debug|Any CPU = Debug|Any CPU
		Release|Any CPU = Release|Any CPU
	EndGlobalSection
	GlobalSection(ProjectConfigurationPlatforms) = postSolution
		{37DB0B51-DED5-4C62-8500-EEF4E42A3FF3}.Debug|Any CPU.ActiveCfg = Debug|Any CPU
		{37DB0B51-DED5-4C62-8500-EEF4E42A3FF3}.Debug|Any CPU.Build.0 = Debug|Any CPU
		{37DB0B51-DED5-4C62-8500-EEF4E42A3FF3}.Release|Any CPU.ActiveCfg = Release|Any CPU
		{37DB0B51-DED5-4C62-8500-EEF4E42A3FF3}.Release|Any CPU.Build.0 = Release|Any CPU
	EndGlobalSection
	GlobalSection(SolutionProperties) = preSolution
		HideSolutionNode = FALSE
	EndGlobalSection
	GlobalSection(ExtensibilityGlobals) = postSolution
		SolutionGuid = {AAC66CDB-51FE-471E-88B7-E7EA49E4C3FE}
	EndGlobalSection
EndGlobal
