
Microsoft Visual Studio Solution File, Format Version 12.00
# Visual Studio Version 16
VisualStudioVersion = 16.0.31729.503
MinimumVisualStudioVersion = 10.0.40219.1
Project("{FAE04EC0-301F-11D3-BF4B-00C04F79EFBC}") = "Weekend or Working Day", "Weekend or Working Day\Weekend or Working Day.csproj", "{B62D6B5B-D74A-4B2D-8D0E-0A3A080FC8B2}"
EndProject
Global
	GlobalSection(SolutionConfigurationPlatforms) = preSolution
		Debug|Any CPU = Debug|Any CPU
		Release|Any CPU = Release|Any CPU
	EndGlobalSection
	GlobalSection(ProjectConfigurationPlatforms) = postSolution
		{B62D6B5B-D74A-4B2D-8D0E-0A3A080FC8B2}.Debug|Any CPU.ActiveCfg = Debug|Any CPU
		{B62D6B5B-D74A-4B2D-8D0E-0A3A080FC8B2}.Debug|Any CPU.Build.0 = Debug|Any CPU
		{B62D6B5B-D74A-4B2D-8D0E-0A3A080FC8B2}.Release|Any CPU.ActiveCfg = Release|Any CPU
		{B62D6B5B-D74A-4B2D-8D0E-0A3A080FC8B2}.Release|Any CPU.Build.0 = Release|Any CPU
	EndGlobalSection
	GlobalSection(SolutionProperties) = preSolution
		HideSolutionNode = FALSE
	EndGlobalSection
	GlobalSection(ExtensibilityGlobals) = postSolution
		SolutionGuid = {CCB8E238-22F6-44E7-A803-B6B63CC33233}
	EndGlobalSection
EndGlobal
