
Microsoft Visual Studio Solution File, Format Version 12.00
# Visual Studio Version 16
VisualStudioVersion = 16.0.31729.503
MinimumVisualStudioVersion = 10.0.40219.1
Project("{FAE04EC0-301F-11D3-BF4B-00C04F79EFBC}") = "Combinations", "Combinations\Combinations.csproj", "{3CA884E9-C8B6-49B6-ACD9-38540A3D8132}"
EndProject
Global
	GlobalSection(SolutionConfigurationPlatforms) = preSolution
		Debug|Any CPU = Debug|Any CPU
		Release|Any CPU = Release|Any CPU
	EndGlobalSection
	GlobalSection(ProjectConfigurationPlatforms) = postSolution
		{3CA884E9-C8B6-49B6-ACD9-38540A3D8132}.Debug|Any CPU.ActiveCfg = Debug|Any CPU
		{3CA884E9-C8B6-49B6-ACD9-38540A3D8132}.Debug|Any CPU.Build.0 = Debug|Any CPU
		{3CA884E9-C8B6-49B6-ACD9-38540A3D8132}.Release|Any CPU.ActiveCfg = Release|Any CPU
		{3CA884E9-C8B6-49B6-ACD9-38540A3D8132}.Release|Any CPU.Build.0 = Release|Any CPU
	EndGlobalSection
	GlobalSection(SolutionProperties) = preSolution
		HideSolutionNode = FALSE
	EndGlobalSection
	GlobalSection(ExtensibilityGlobals) = postSolution
		SolutionGuid = {087B0C1F-59A5-4B1E-B3EC-224B5CF07744}
	EndGlobalSection
EndGlobal
