
Microsoft Visual Studio Solution File, Format Version 12.00
# Visual Studio Version 16
VisualStudioVersion = 16.0.31729.503
MinimumVisualStudioVersion = 10.0.40219.1
Project("{FAE04EC0-301F-11D3-BF4B-00C04F79EFBC}") = "DepositCalculator", "DepositCalculator\DepositCalculator.csproj", "{84D0A8B3-77D9-4213-BF87-365B236F9950}"
EndProject
Global
	GlobalSection(SolutionConfigurationPlatforms) = preSolution
		Debug|Any CPU = Debug|Any CPU
		Release|Any CPU = Release|Any CPU
	EndGlobalSection
	GlobalSection(ProjectConfigurationPlatforms) = postSolution
		{84D0A8B3-77D9-4213-BF87-365B236F9950}.Debug|Any CPU.ActiveCfg = Debug|Any CPU
		{84D0A8B3-77D9-4213-BF87-365B236F9950}.Debug|Any CPU.Build.0 = Debug|Any CPU
		{84D0A8B3-77D9-4213-BF87-365B236F9950}.Release|Any CPU.ActiveCfg = Release|Any CPU
		{84D0A8B3-77D9-4213-BF87-365B236F9950}.Release|Any CPU.Build.0 = Release|Any CPU
	EndGlobalSection
	GlobalSection(SolutionProperties) = preSolution
		HideSolutionNode = FALSE
	EndGlobalSection
	GlobalSection(ExtensibilityGlobals) = postSolution
		SolutionGuid = {67754776-CDD3-4E23-AB14-4711E6C8F6E6}
	EndGlobalSection
EndGlobal
