
Microsoft Visual Studio Solution File, Format Version 12.00
# Visual Studio Version 16
VisualStudioVersion = 16.0.31729.503
MinimumVisualStudioVersion = 10.0.40219.1
Project("{FAE04EC0-301F-11D3-BF4B-00C04F79EFBC}") = "Cake", "Cake\Cake.csproj", "{A2ED5FD3-4574-4DAD-8F34-40296F50F0AD}"
EndProject
Global
	GlobalSection(SolutionConfigurationPlatforms) = preSolution
		Debug|Any CPU = Debug|Any CPU
		Release|Any CPU = Release|Any CPU
	EndGlobalSection
	GlobalSection(ProjectConfigurationPlatforms) = postSolution
		{A2ED5FD3-4574-4DAD-8F34-40296F50F0AD}.Debug|Any CPU.ActiveCfg = Debug|Any CPU
		{A2ED5FD3-4574-4DAD-8F34-40296F50F0AD}.Debug|Any CPU.Build.0 = Debug|Any CPU
		{A2ED5FD3-4574-4DAD-8F34-40296F50F0AD}.Release|Any CPU.ActiveCfg = Release|Any CPU
		{A2ED5FD3-4574-4DAD-8F34-40296F50F0AD}.Release|Any CPU.Build.0 = Release|Any CPU
	EndGlobalSection
	GlobalSection(SolutionProperties) = preSolution
		HideSolutionNode = FALSE
	EndGlobalSection
	GlobalSection(ExtensibilityGlobals) = postSolution
		SolutionGuid = {41BB18C6-C0FA-49D5-98EA-36C1E1C3ED37}
	EndGlobalSection
EndGlobal
