
Microsoft Visual Studio Solution File, Format Version 12.00
# Visual Studio Version 16
VisualStudioVersion = 16.0.31729.503
MinimumVisualStudioVersion = 10.0.40219.1
Project("{FAE04EC0-301F-11D3-BF4B-00C04F79EFBC}") = "Histogram", "Histogram\Histogram.csproj", "{ED478448-5535-48E8-BF6F-ECF8C64D1827}"
EndProject
Global
	GlobalSection(SolutionConfigurationPlatforms) = preSolution
		Debug|Any CPU = Debug|Any CPU
		Release|Any CPU = Release|Any CPU
	EndGlobalSection
	GlobalSection(ProjectConfigurationPlatforms) = postSolution
		{ED478448-5535-48E8-BF6F-ECF8C64D1827}.Debug|Any CPU.ActiveCfg = Debug|Any CPU
		{ED478448-5535-48E8-BF6F-ECF8C64D1827}.Debug|Any CPU.Build.0 = Debug|Any CPU
		{ED478448-5535-48E8-BF6F-ECF8C64D1827}.Release|Any CPU.ActiveCfg = Release|Any CPU
		{ED478448-5535-48E8-BF6F-ECF8C64D1827}.Release|Any CPU.Build.0 = Release|Any CPU
	EndGlobalSection
	GlobalSection(SolutionProperties) = preSolution
		HideSolutionNode = FALSE
	EndGlobalSection
	GlobalSection(ExtensibilityGlobals) = postSolution
		SolutionGuid = {F84DEF76-B5CA-4342-BB7D-6CD07DA4A8B4}
	EndGlobalSection
EndGlobal
