
Microsoft Visual Studio Solution File, Format Version 12.00
# Visual Studio Version 16
VisualStudioVersion = 16.0.31729.503
MinimumVisualStudioVersion = 10.0.40219.1
Project("{FAE04EC0-301F-11D3-BF4B-00C04F79EFBC}") = "Bike Race", "Bike Race\Bike Race.csproj", "{11FDE2E6-DB07-4F45-A9C3-C839E0401D10}"
EndProject
Global
	GlobalSection(SolutionConfigurationPlatforms) = preSolution
		Debug|Any CPU = Debug|Any CPU
		Release|Any CPU = Release|Any CPU
	EndGlobalSection
	GlobalSection(ProjectConfigurationPlatforms) = postSolution
		{11FDE2E6-DB07-4F45-A9C3-C839E0401D10}.Debug|Any CPU.ActiveCfg = Debug|Any CPU
		{11FDE2E6-DB07-4F45-A9C3-C839E0401D10}.Debug|Any CPU.Build.0 = Debug|Any CPU
		{11FDE2E6-DB07-4F45-A9C3-C839E0401D10}.Release|Any CPU.ActiveCfg = Release|Any CPU
		{11FDE2E6-DB07-4F45-A9C3-C839E0401D10}.Release|Any CPU.Build.0 = Release|Any CPU
	EndGlobalSection
	GlobalSection(SolutionProperties) = preSolution
		HideSolutionNode = FALSE
	EndGlobalSection
	GlobalSection(ExtensibilityGlobals) = postSolution
		SolutionGuid = {19EC5134-9F23-410F-963D-1025D890B94E}
	EndGlobalSection
EndGlobal
