
Microsoft Visual Studio Solution File, Format Version 12.00
# Visual Studio Version 16
VisualStudioVersion = 16.0.31729.503
MinimumVisualStudioVersion = 10.0.40219.1
Project("{FAE04EC0-301F-11D3-BF4B-00C04F79EFBC}") = "Basketball Equipment", "Basketball Equipment\Basketball Equipment.csproj", "{455FB66B-8B9D-427A-BEED-DE5D28B78E9E}"
EndProject
Global
	GlobalSection(SolutionConfigurationPlatforms) = preSolution
		Debug|Any CPU = Debug|Any CPU
		Release|Any CPU = Release|Any CPU
	EndGlobalSection
	GlobalSection(ProjectConfigurationPlatforms) = postSolution
		{455FB66B-8B9D-427A-BEED-DE5D28B78E9E}.Debug|Any CPU.ActiveCfg = Debug|Any CPU
		{455FB66B-8B9D-427A-BEED-DE5D28B78E9E}.Debug|Any CPU.Build.0 = Debug|Any CPU
		{455FB66B-8B9D-427A-BEED-DE5D28B78E9E}.Release|Any CPU.ActiveCfg = Release|Any CPU
		{455FB66B-8B9D-427A-BEED-DE5D28B78E9E}.Release|Any CPU.Build.0 = Release|Any CPU
	EndGlobalSection
	GlobalSection(SolutionProperties) = preSolution
		HideSolutionNode = FALSE
	EndGlobalSection
	GlobalSection(ExtensibilityGlobals) = postSolution
		SolutionGuid = {FF32027A-2DFB-4D09-AD7E-6DA396E2FF3E}
	EndGlobalSection
EndGlobal
