
Microsoft Visual Studio Solution File, Format Version 12.00
# Visual Studio Version 16
VisualStudioVersion = 16.0.31729.503
MinimumVisualStudioVersion = 10.0.40219.1
Project("{FAE04EC0-301F-11D3-BF4B-00C04F79EFBC}") = "Toy Shop", "Toy Shop\Toy Shop.csproj", "{27D42565-63CF-492D-AE42-359501557A89}"
EndProject
Global
	GlobalSection(SolutionConfigurationPlatforms) = preSolution
		Debug|Any CPU = Debug|Any CPU
		Release|Any CPU = Release|Any CPU
	EndGlobalSection
	GlobalSection(ProjectConfigurationPlatforms) = postSolution
		{27D42565-63CF-492D-AE42-359501557A89}.Debug|Any CPU.ActiveCfg = Debug|Any CPU
		{27D42565-63CF-492D-AE42-359501557A89}.Debug|Any CPU.Build.0 = Debug|Any CPU
		{27D42565-63CF-492D-AE42-359501557A89}.Release|Any CPU.ActiveCfg = Release|Any CPU
		{27D42565-63CF-492D-AE42-359501557A89}.Release|Any CPU.Build.0 = Release|Any CPU
	EndGlobalSection
	GlobalSection(SolutionProperties) = preSolution
		HideSolutionNode = FALSE
	EndGlobalSection
	GlobalSection(ExtensibilityGlobals) = postSolution
		SolutionGuid = {7AB18311-85FE-43EC-A94E-F7BEFD2CCEF7}
	EndGlobalSection
EndGlobal
