
Microsoft Visual Studio Solution File, Format Version 12.00
# Visual Studio Version 16
VisualStudioVersion = 16.0.31729.503
MinimumVisualStudioVersion = 10.0.40219.1
Project("{FAE04EC0-301F-11D3-BF4B-00C04F79EFBC}") = "newvacation", "newvacation\newvacation.csproj", "{A575C44D-09F9-4FB0-AC20-4AE400CD92EA}"
EndProject
Global
	GlobalSection(SolutionConfigurationPlatforms) = preSolution
		Debug|Any CPU = Debug|Any CPU
		Release|Any CPU = Release|Any CPU
	EndGlobalSection
	GlobalSection(ProjectConfigurationPlatforms) = postSolution
		{A575C44D-09F9-4FB0-AC20-4AE400CD92EA}.Debug|Any CPU.ActiveCfg = Debug|Any CPU
		{A575C44D-09F9-4FB0-AC20-4AE400CD92EA}.Debug|Any CPU.Build.0 = Debug|Any CPU
		{A575C44D-09F9-4FB0-AC20-4AE400CD92EA}.Release|Any CPU.ActiveCfg = Release|Any CPU
		{A575C44D-09F9-4FB0-AC20-4AE400CD92EA}.Release|Any CPU.Build.0 = Release|Any CPU
	EndGlobalSection
	GlobalSection(SolutionProperties) = preSolution
		HideSolutionNode = FALSE
	EndGlobalSection
	GlobalSection(ExtensibilityGlobals) = postSolution
		SolutionGuid = {CB2076E2-12FA-4362-AE8F-069BD35FBF2D}
	EndGlobalSection
EndGlobal
